
Microsoft Visual Studio Solution File, Format Version 12.00
# Visual Studio Version 17
VisualStudioVersion = 17.11.35327.3
MinimumVisualStudioVersion = 10.0.40219.1
Project("{9A19103F-16F7-4668-BE54-9A1E7A4F7556}") = "Joosh.DotnetInstallHelper.Console", "Joosh.DotnetInstallHelper.Console\Joosh.DotnetInstallHelper.Console.csproj", "{D4C3C233-D994-4E67-8F52-D41C3034B0F5}"
EndProject
Global
	GlobalSection(SolutionConfigurationPlatforms) = preSolution
		Debug|Any CPU = Debug|Any CPU
		Release|Any CPU = Release|Any CPU
	EndGlobalSection
	GlobalSection(ProjectConfigurationPlatforms) = postSolution
		{D4C3C233-D994-4E67-8F52-D41C3034B0F5}.Debug|Any CPU.ActiveCfg = Debug|Any CPU
		{D4C3C233-D994-4E67-8F52-D41C3034B0F5}.Debug|Any CPU.Build.0 = Debug|Any CPU
		{D4C3C233-D994-4E67-8F52-D41C3034B0F5}.Release|Any CPU.ActiveCfg = Release|Any CPU
		{D4C3C233-D994-4E67-8F52-D41C3034B0F5}.Release|Any CPU.Build.0 = Release|Any CPU
	EndGlobalSection
	GlobalSection(SolutionProperties) = preSolution
		HideSolutionNode = FALSE
	EndGlobalSection
	GlobalSection(ExtensibilityGlobals) = postSolution
		SolutionGuid = {F03537E1-F666-4312-BCAE-9AE9A274149E}
	EndGlobalSection
EndGlobal
